# This file is automatically @generated by Cargo.
# It is not intended for manual editing.
version = 4

[[package]]
name = "agentlock-atep"
version = "0.1.0"

[[package]]
name = "agentlock-attestation"
version = "0.1.0"

[[package]]
name = "agentlock-bundle"
version = "0.1.0"

[[package]]
name = "agentlock-cli"
version = "0.1.0"

[[package]]
name = "agentlock-cloud-client"
version = "0.1.0"

[[package]]
name = "agentlock-config"
version = "0.1.0"

[[package]]
name = "agentlock-contract"
version = "0.1.0"

[[package]]
name = "agentlock-core"
version = "0.1.0"

[[package]]
name = "agentlock-diagnostics"
version = "0.1.0"

[[package]]
name = "agentlock-diff"
version = "0.1.0"

[[package]]
name = "agentlock-fs"
version = "0.1.0"

[[package]]
name = "agentlock-hash"
version = "0.1.0"

[[package]]
name = "agentlock-replay-local"
version = "0.1.0"

[[package]]
name = "agentlock-report"
version = "0.1.0"

[[package]]
name = "agentlock-spec"
version = "0.1.0"

[[package]]
name = "agentlock-validate"
version = "0.1.0"

[[package]]
name = "xtask"
version = "0.1.0"
